// !$*UTF8*$!
{
	archiveVersion = 1;
	classes = {
	};
	objectVersion = 77;
	objects = {

/* Begin PBXContainerItemProxy section */
		9F2A75C82E5BC22D00C7EFAE /* PBXContainerItemProxy */ = {
			isa = PBXContainerItemProxy;
			containerPortal = 9F2A75A92E5BC22C00C7EFAE /* Project object */;
			proxyType = 1;
			remoteGlobalIDString = 9F2A75B02E5BC22C00C7EFAE;
			remoteInfo = MyPrework;
		};
		9F2A75D22E5BC22D00C7EFAE /* PBXContainerItemProxy */ = {
			isa = PBXContainerItemProxy;
			containerPortal = 9F2A75A92E5BC22C00C7EFAE /* Project object */;
			proxyType = 1;
			remoteGlobalIDString = 9F2A75B02E5BC22C00C7EFAE;
			remoteInfo = MyPrework;
		};
/* End PBXContainerItemProxy section */

/* Begin PBXFileReference section */
		9F2A75B12E5BC22C00C7EFAE /* MyPrework.app */ = {isa = PBXFileReference; explicitFileType = wrapper.application; includeInIndex = 0; path = MyPrework.app; sourceTree = BUILT_PRODUCTS_DIR; };
		9F2A75C72E5BC22D00C7EFAE /* MyPreworkTests.xctest */ = {isa = PBXFileReference; explicitFileType = wrapper.cfbundle; includeInIndex = 0; path = MyPreworkTests.xctest; sourceTree = BUILT_PRODUCTS_DIR; };
		9F2A75D12E5BC22D00C7EFAE /* MyPreworkUITests.xctest */ = {isa = PBXFileReference; explicitFileType = wrapper.cfbundle; includeInIndex = 0; path = MyPreworkUITests.xctest; sourceTree = BUILT_PRODUCTS_DIR; };
/* End PBXFileReference section */

/* Begin PBXFileSystemSynchronizedBuildFileExceptionSet section */
		9F2A75D92E5BC22D00C7EFAE /* Exceptions for "MyPrework" folder in "MyPrework" target */ = {
			isa = PBXFileSystemSynchronizedBuildFileExceptionSet;
			membershipExceptions = (
				Info.plist,
			);
			target = 9F2A75B02E5BC22C00C7EFAE /* MyPrework */;
		};
/* End PBXFileSystemSynchronizedBuildFileExceptionSet section */

/* Begin PBXFileSystemSynchronizedRootGroup section */
		9F2A75B32E5BC22C00C7EFAE /* MyPrework */ = {
			isa = PBXFileSystemSynchronizedRootGroup;
			exceptions = (
				9F2A75D92E5BC22D00C7EFAE /* Exceptions for "MyPrework" folder in "MyPrework" target */,
			);
			path = MyPrework;
			sourceTree = "<group>";
		};
		9F2A75CA2E5BC22D00C7EFAE /* MyPreworkTests */ = {
			isa = PBXFileSystemSynchronizedRootGroup;
			path = MyPreworkTests;
			sourceTree = "<group>";
		};
		9F2A75D42E5BC22D00C7EFAE /* MyPreworkUITests */ = {
			isa = PBXFileSystemSynchronizedRootGroup;
			path = MyPreworkUITests;
			sourceTree = "<group>";
		};
/* End PBXFileSystemSynchronizedRootGroup section */

/* Begin PBXFrameworksBuildPhase section */
		9F2A75AE2E5BC22C00C7EFAE /* Frameworks */ = {
			isa = PBXFrameworksBuildPhase;
			buildActionMask = 2147483647;
			files = (
			);
			runOnlyForDeploymentPostprocessing = 0;
		};
		9F2A75C42E5BC22D00C7EFAE /* Frameworks */ = {
			isa = PBXFrameworksBuildPhase;
			buildActionMask = 2147483647;
			files = (
			);
			runOnlyForDeploymentPostprocessing = 0;
		};
		9F2A75CE2E5BC22D00C7EFAE /* Frameworks */ = {
			isa = PBXFrameworksBuildPhase;
			buildActionMask = 2147483647;
			files = (
			);
			runOnlyForDeploymentPostprocessing = 0;
		};
/* End PBXFrameworksBuildPhase section */

/* Begin PBXGroup section */
		9F2A75A82E5BC22C00C7EFAE = {
			isa = PBXGroup;
			children = (
				9F2A75B32E5BC22C00C7EFAE /* MyPrework */,
				9F2A75CA2E5BC22D00C7EFAE /* MyPreworkTests */,
				9F2A75D42E5BC22D00C7EFAE /* MyPreworkUITests */,
				9F2A75B22E5BC22C00C7EFAE /* Products */,
			);
			sourceTree = "<group>";
		};
		9F2A75B22E5BC22C00C7EFAE /* Products */ = {
			isa = PBXGroup;
			children = (
				9F2A75B12E5BC22C00C7EFAE /* MyPrework.app */,
				9F2A75C72E5BC22D00C7EFAE /* MyPreworkTests.xctest */,
				9F2A75D12E5BC22D00C7EFAE /* MyPreworkUITests.xctest */,
			);
			name = Products;
			sourceTree = "<group>";
		};
/* End PBXGroup section */

/* Begin PBXNativeTarget section */
		9F2A75B02E5BC22C00C7EFAE /* MyPrework */ = {
			isa = PBXNativeTarget;
			buildConfigurationList = 9F2A75DA2E5BC22D00C7EFAE /* Build configuration list for PBXNativeTarget "MyPrework" */;
			buildPhases = (
				9F2A75AD2E5BC22C00C7EFAE /* Sources */,
				9F2A75AE2E5BC22C00C7EFAE /* Frameworks */,
				9F2A75AF2E5BC22C00C7EFAE /* Resources */,
			);
			buildRules = (
			);
			dependencies = (
			);
			fileSystemSynchronizedGroups = (
				9F2A75B32E5BC22C00C7EFAE /* MyPrework */,
			);
			name = MyPrework;
			packageProductDependencies = (
			);
			productName = MyPrework;
			productReference = 9F2A75B12E5BC22C00C7EFAE /* MyPrework.app */;
			productType = "com.apple.product-type.application";
		};
		9F2A75C62E5BC22D00C7EFAE /* MyPreworkTests */ = {
			isa = PBXNativeTarget;
			buildConfigurationList = 9F2A75DF2E5BC22D00C7EFAE /* Build configuration list for PBXNativeTarget "MyPreworkTests" */;
			buildPhases = (
				9F2A75C32E5BC22D00C7EFAE /* Sources */,
				9F2A75C42E5BC22D00C7EFAE /* Frameworks */,
				9F2A75C52E5BC22D00C7EFAE /* Resources */,
			);
			buildRules = (
			);
			dependencies = (
				9F2A75C92E5BC22D00C7EFAE /* PBXTargetDependency */,
			);
			fileSystemSynchronizedGroups = (
				9F2A75CA2E5BC22D00C7EFAE /* MyPreworkTests */,
			);
			name = MyPreworkTests;
			packageProductDependencies = (
			);
			productName = MyPreworkTests;
			productReference = 9F2A75C72E5BC22D00C7EFAE /* MyPreworkTests.xctest */;
			productType = "com.apple.product-type.bundle.unit-test";
		};
		9F2A75D02E5BC22D00C7EFAE /* MyPreworkUITests */ = {
			isa = PBXNativeTarget;
			buildConfigurationList = 9F2A75E22E5BC22D00C7EFAE /* Build configuration list for PBXNativeTarget "MyPreworkUITests" */;
			buildPhases = (
				9F2A75CD2E5BC22D00C7EFAE /* Sources */,
				9F2A75CE2E5BC22D00C7EFAE /* Frameworks */,
				9F2A75CF2E5BC22D00C7EFAE /* Resources */,
			);
			buildRules = (
			);
			dependencies = (
				9F2A75D32E5BC22D00C7EFAE /* PBXTargetDependency */,
			);
			fileSystemSynchronizedGroups = (
				9F2A75D42E5BC22D00C7EFAE /* MyPreworkUITests */,
			);
			name = MyPreworkUITests;
			packageProductDependencies = (
			);
			productName = MyPreworkUITests;
			productReference = 9F2A75D12E5BC22D00C7EFAE /* MyPreworkUITests.xctest */;
			productType = "com.apple.product-type.bundle.ui-testing";
		};
/* End PBXNativeTarget section */

/* Begin PBXProject section */
		9F2A75A92E5BC22C00C7EFAE /* Project object */ = {
			isa = PBXProject;
			attributes = {
				BuildIndependentTargetsInParallel = 1;
				LastSwiftUpdateCheck = 1630;
				LastUpgradeCheck = 1630;
				TargetAttributes = {
					9F2A75B02E5BC22C00C7EFAE = {
						CreatedOnToolsVersion = 16.3;
					};
					9F2A75C62E5BC22D00C7EFAE = {
						CreatedOnToolsVersion = 16.3;
						TestTargetID = 9F2A75B02E5BC22C00C7EFAE;
					};
					9F2A75D02E5BC22D00C7EFAE = {
						CreatedOnToolsVersion = 16.3;
						TestTargetID = 9F2A75B02E5BC22C00C7EFAE;
					};
				};
			};
			buildConfigurationList = 9F2A75AC2E5BC22C00C7EFAE /* Build configuration list for PBXProject "MyPrework" */;
			developmentRegion = en;
			hasScannedForEncodings = 0;
			knownRegions = (
				en,
				Base,
			);
			mainGroup = 9F2A75A82E5BC22C00C7EFAE;
			minimizedProjectReferenceProxies = 1;
			preferredProjectObjectVersion = 77;
			productRefGroup = 9F2A75B22E5BC22C00C7EFAE /* Products */;
			projectDirPath = "";
			projectRoot = "";
			targets = (
				9F2A75B02E5BC22C00C7EFAE /* MyPrework */,
				9F2A75C62E5BC22D00C7EFAE /* MyPreworkTests */,
				9F2A75D02E5BC22D00C7EFAE /* MyPreworkUITests */,
			);
		};
/* End PBXProject section */

/* Begin PBXResourcesBuildPhase section */
		9F2A75AF2E5BC22C00C7EFAE /* Resources */ = {
			isa = PBXResourcesBuildPhase;
			buildActionMask = 2147483647;
			files = (
			);
			runOnlyForDeploymentPostprocessing = 0;
		};
		9F2A75C52E5BC22D00C7EFAE /* Resources */ = {
			isa = PBXResourcesBuildPhase;
			buildActionMask = 2147483647;
			files = (
			);
			runOnlyForDeploymentPostprocessing = 0;
		};
		9F2A75CF2E5BC22D00C7EFAE /* Resources */ = {
			isa = PBXResourcesBuildPhase;
			buildActionMask = 2147483647;
			files = (
			);
			runOnlyForDeploymentPostprocessing = 0;
		};
/* End PBXResourcesBuildPhase section */

/* Begin PBXSourcesBuildPhase section */
		9F2A75AD2E5BC22C00C7EFAE /* Sources */ = {
			isa = PBXSourcesBuildPhase;
			buildActionMask = 2147483647;
			files = (
			);
			runOnlyForDeploymentPostprocessing = 0;
		};
		9F2A75C32E5BC22D00C7EFAE /* Sources */ = {
			isa = PBXSourcesBuildPhase;
			buildActionMask = 2147483647;
			files = (
			);
			runOnlyForDeploymentPostprocessing = 0;
		};
		9F2A75CD2E5BC22D00C7EFAE /* Sources */ = {
			isa = PBXSourcesBuildPhase;
			buildActionMask = 2147483647;
			files = (
			);
			runOnlyForDeploymentPostprocessing = 0;
		};
/* End PBXSourcesBuildPhase section */

/* Begin PBXTargetDependency section */
		9F2A75C92E5BC22D00C7EFAE /* PBXTargetDependency */ = {
			isa = PBXTargetDependency;
			target = 9F2A75B02E5BC22C00C7EFAE /* MyPrework */;
			targetProxy = 9F2A75C82E5BC22D00C7EFAE /* PBXContainerItemProxy */;
		};
		9F2A75D32E5BC22D00C7EFAE /* PBXTargetDependency */ = {
			isa = PBXTargetDependency;
			target = 9F2A75B02E5BC22C00C7EFAE /* MyPrework */;
			targetProxy = 9F2A75D22E5BC22D00C7EFAE /* PBXContainerItemProxy */;
		};
/* End PBXTargetDependency section */

/* Begin XCBuildConfiguration section */
		9F2A75DB2E5BC22D00C7EFAE /* Debug */ = {
			isa = XCBuildConfiguration;
			buildSettings = {
				ASSETCATALOG_COMPILER_APPICON_NAME = AppIcon;
				ASSETCATALOG_COMPILER_GLOBAL_ACCENT_COLOR_NAME = AccentColor;
				CODE_SIGN_STYLE = Automatic;
				CURRENT_PROJECT_VERSION = 1;
				GENERATE_INFOPLIST_FILE = YES;
				INFOPLIST_FILE = MyPrework/Info.plist;
				INFOPLIST_KEY_UIApplicationSupportsIndirectInputEvents = YES;
				INFOPLIST_KEY_UILaunchStoryboardName = LaunchScreen;
				INFOPLIST_KEY_UIMainStoryboardFile = Main;
				INFOPLIST_KEY_UISupportedInterfaceOrientations_iPad = "UIInterfaceOrientationPortrait UIInterfaceOrientationPortraitUpsideDown UIInterfaceOrientationLandscapeLeft UIInterfaceOrientationLandscapeRight";
				INFOPLIST_KEY_UISupportedInterfaceOrientations_iPhone = "UIInterfaceOrientationPortrait UIInterfaceOrientationLandscapeLeft UIInterfaceOrientationLandscapeRight";
				LD_RUNPATH_SEARCH_PATHS = (
					"$(inherited)",
					"@executable_path/Frameworks",
				);
				MARKETING_VERSION = 1.0;
				PRODUCT_BUNDLE_IDENTIFIER = com.campoverde.MyPrework.MyPrework;
				PRODUCT_NAME = "$(TARGET_NAME)";
				SWIFT_EMIT_LOC_STRINGS = YES;
				SWIFT_VERSION = 5.0;
				TARGETED_DEVICE_FAMILY = "1,2";
			};
			name = Debug;
		};
		9F2A75DC2E5BC22D00C7EFAE /* Release */ = {
			isa = XCBuildConfiguration;
			buildSettings = {
				ASSETCATALOG_COMPILER_APPICON_NAME = AppIcon;
				ASSETCATALOG_COMPILER_GLOBAL_ACCENT_COLOR_NAME = AccentColor;
				CODE_SIGN_STYLE = Automatic;
				CURRENT_PROJECT_VERSION = 1;
				GENERATE_INFOPLIST_FILE = YES;
				INFOPLIST_FILE = MyPrework/Info.plist;
				INFOPLIST_KEY_UIApplicationSupportsIndirectInputEvents = YES;
				INFOPLIST_KEY_UILaunchStoryboardName = LaunchScreen;
				INFOPLIST_KEY_UIMainStoryboardFile = Main;
				INFOPLIST_KEY_UISupportedInterfaceOrientations_iPad = "UIInterfaceOrientationPortrait UIInterfaceOrientationPortraitUpsideDown UIInterfaceOrientationLandscapeLeft UIInterfaceOrientationLandscapeRight";
				INFOPLIST_KEY_UISupportedInterfaceOrientations_iPhone = "UIInterfaceOrientationPortrait UIInterfaceOrientationLandscapeLeft UIInterfaceOrientationLandscapeRight";
				LD_RUNPATH_SEARCH_PATHS = (
					"$(inherited)",
					"@executable_path/Frameworks",
				);
				MARKETING_VERSION = 1.0;
				PRODUCT_BUNDLE_IDENTIFIER = com.campoverde.MyPrework.MyPrework;
				PRODUCT_NAME = "$(TARGET_NAME)";
				SWIFT_EMIT_LOC_STRINGS = YES;
				SWIFT_VERSION = 5.0;
				TARGETED_DEVICE_FAMILY = "1,2";
			};
			name = Release;
		};
		9F2A75DD2E5BC22D00C7EFAE /* Debug */ = {
			isa = XCBuildConfiguration;
			buildSettings = {
				ALWAYS_SEARCH_USER_PATHS = NO;
				ASSETCATALOG_COMPILER_GENERATE_SWIFT_ASSET_SYMBOL_EXTENSIONS = YES;
				CLANG_ANALYZER_NONNULL = YES;
				CLANG_ANALYZER_NUMBER_OBJECT_CONVERSION = YES_AGGRESSIVE;
				CLANG_CXX_LANGUAGE_STANDARD = "gnu++20";
				CLANG_ENABLE_MODULES = YES;
				CLANG_ENABLE_OBJC_ARC = YES;
				CLANG_ENABLE_OBJC_WEAK = YES;
				CLANG_WARN_BLOCK_CAPTURE_AUTORELEASING = YES;
				CLANG_WARN_BOOL_CONVERSION = YES;
				CLANG_WARN_COMMA = YES;
				CLANG_WARN_CONSTANT_CONVERSION = YES;
				CLANG_WARN_DEPRECATED_OBJC_IMPLEMENTATIONS = YES;
				CLANG_WARN_DIRECT_OBJC_ISA_USAGE = YES_ERROR;
				CLANG_WARN_DOCUMENTATION_COMMENTS = YES;
				CLANG_WARN_EMPTY_BODY = YES;
				CLANG_WARN_ENUM_CONVERSION = YES;
				CLANG_WARN_INFINITE_RECURSION = YES;
				CLANG_WARN_INT_CONVERSION = YES;
				CLANG_WARN_NON_LITERAL_NULL_CONVERSION = YES;
				CLANG_WARN_OBJC_IMPLICIT_RETAIN_SELF = YES;
				CLANG_WARN_OBJC_LITERAL_CONVERSION = YES;
				CLANG_WARN_OBJC_ROOT_CLASS = YES_ERROR;
				CLANG_WARN_QUOTED_INCLUDE_IN_FRAMEWORK_HEADER = YES;
				CLANG_WARN_RANGE_LOOP_ANALYSIS = YES;
				CLANG_WARN_STRICT_PROTOTYPES = YES;
				CLANG_WARN_SUSPICIOUS_MOVE = YES;
				CLANG_WARN_UNGUARDED_AVAILABILITY = YES_AGGRESSIVE;
				CLANG_WARN_UNREACHABLE_CODE = YES;
				CLANG_WARN__DUPLICATE_METHOD_MATCH = YES;
				COPY_PHASE_STRIP = NO;
				DEBUG_INFORMATION_FORMAT = dwarf;
				ENABLE_STRICT_OBJC_MSGSEND = YES;
				ENABLE_TESTABILITY = YES;
				ENABLE_USER_SCRIPT_SANDBOXING = YES;
				GCC_C_LANGUAGE_STANDARD = gnu17;
				GCC_DYNAMIC_NO_PIC = NO;
				GCC_NO_COMMON_BLOCKS = YES;
				GCC_OPTIMIZATION_LEVEL = 0;
				GCC_PREPROCESSOR_DEFINITIONS = (
					"DEBUG=1",
					"$(inherited)",
				);
				GCC_WARN_64_TO_32_BIT_CONVERSION = YES;
				GCC_WARN_ABOUT_RETURN_TYPE = YES_ERROR;
				GCC_WARN_UNDECLARED_SELECTOR = YES;
				GCC_WARN_UNINITIALIZED_AUTOS = YES_AGGRESSIVE;
				GCC_WARN_UNUSED_FUNCTION = YES;
				GCC_WARN_UNUSED_VARIABLE = YES;
				IPHONEOS_DEPLOYMENT_TARGET = 18.4;
				LOCALIZATION_PREFERS_STRING_CATALOGS = YES;
				MTL_ENABLE_DEBUG_INFO = INCLUDE_SOURCE;
				MTL_FAST_MATH = YES;
				ONLY_ACTIVE_ARCH = YES;
				SDKROOT = iphoneos;
				SWIFT_ACTIVE_COMPILATION_CONDITIONS = "DEBUG $(inherited)";
				SWIFT_OPTIMIZATION_LEVEL = "-Onone";
			};
			name = Debug;
		};
		9F2A75DE2E5BC22D00C7EFAE /* Release */ = {
			isa = XCBuildConfiguration;
			buildSettings = {
				ALWAYS_SEARCH_USER_PATHS = NO;
				ASSETCATALOG_COMPILER_GENERATE_SWIFT_ASSET_SYMBOL_EXTENSIONS = YES;
				CLANG_ANALYZER_NONNULL = YES;
				CLANG_ANALYZER_NUMBER_OBJECT_CONVERSION = YES_AGGRESSIVE;
				CLANG_CXX_LANGUAGE_STANDARD = "gnu++20";
				CLANG_ENABLE_MODULES = YES;
				CLANG_ENABLE_OBJC_ARC = YES;
				CLANG_ENABLE_OBJC_WEAK = YES;
				CLANG_WARN_BLOCK_CAPTURE_AUTORELEASING = YES;
				CLANG_WARN_BOOL_CONVERSION = YES;
				CLANG_WARN_COMMA = YES;
				CLANG_WARN_CONSTANT_CONVERSION = YES;
				CLANG_WARN_DEPRECATED_OBJC_IMPLEMENTATIONS = YES;
				CLANG_WARN_DIRECT_OBJC_ISA_USAGE = YES_ERROR;
				CLANG_WARN_DOCUMENTATION_COMMENTS = YES;
				CLANG_WARN_EMPTY_BODY = YES;
				CLANG_WARN_ENUM_CONVERSION = YES;
				CLANG_WARN_INFINITE_RECURSION = YES;
				CLANG_WARN_INT_CONVERSION = YES;
				CLANG_WARN_NON_LITERAL_NULL_CONVERSION = YES;
				CLANG_WARN_OBJC_IMPLICIT_RETAIN_SELF = YES;
				CLANG_WARN_OBJC_LITERAL_CONVERSION = YES;
				CLANG_WARN_OBJC_ROOT_CLASS = YES_ERROR;
				CLANG_WARN_QUOTED_INCLUDE_IN_FRAMEWORK_HEADER = YES;
				CLANG_WARN_RANGE_LOOP_ANALYSIS = YES;
				CLANG_WARN_STRICT_PROTOTYPES = YES;
				CLANG_WARN_SUSPICIOUS_MOVE = YES;
				CLANG_WARN_UNGUARDED_AVAILABILITY = YES_AGGRESSIVE;
				CLANG_WARN_UNREACHABLE_CODE = YES;
				CLANG_WARN__DUPLICATE_METHOD_MATCH = YES;
				COPY_PHASE_STRIP = NO;
				DEBUG_INFORMATION_FORMAT = "dwarf-with-dsym";
				ENABLE_NS_ASSERTIONS = NO;
				ENABLE_STRICT_OBJC_MSGSEND = YES;
				ENABLE_USER_SCRIPT_SANDBOXING = YES;
				GCC_C_LANGUAGE_STANDARD = gnu17;
				GCC_NO_COMMON_BLOCKS = YES;
				GCC_WARN_64_TO_32_BIT_CONVERSION = YES;
				GCC_WARN_ABOUT_RETURN_TYPE = YES_ERROR;
				GCC_WARN_UNDECLARED_SELECTOR = YES;
				GCC_WARN_UNINITIALIZED_AUTOS = YES_AGGRESSIVE;
				GCC_WARN_UNUSED_FUNCTION = YES;
				GCC_WARN_UNUSED_VARIABLE = YES;
				IPHONEOS_DEPLOYMENT_TARGET = 18.4;
				LOCALIZATION_PREFERS_STRING_CATALOGS = YES;
				MTL_ENABLE_DEBUG_INFO = NO;
				MTL_FAST_MATH = YES;
				SDKROOT = iphoneos;
				SWIFT_COMPILATION_MODE = wholemodule;
				VALIDATE_PRODUCT = YES;
			};
			name = Release;
		};
		9F2A75E02E5BC22D00C7EFAE /* Debug */ = {
			isa = XCBuildConfiguration;
			buildSettings = {
				BUNDLE_LOADER = "$(TEST_HOST)";
				CODE_SIGN_STYLE = Automatic;
				CURRENT_PROJECT_VERSION = 1;
				GENERATE_INFOPLIST_FILE = YES;
				IPHONEOS_DEPLOYMENT_TARGET = 18.4;
				MARKETING_VERSION = 1.0;
				PRODUCT_BUNDLE_IDENTIFIER = com.campoverde.MyPrework.MyPreworkTests;
				PRODUCT_NAME = "$(TARGET_NAME)";
				SWIFT_EMIT_LOC_STRINGS = NO;
				SWIFT_VERSION = 5.0;
				TARGETED_DEVICE_FAMILY = "1,2";
				TEST_HOST = "$(BUILT_PRODUCTS_DIR)/MyPrework.app/$(BUNDLE_EXECUTABLE_FOLDER_PATH)/MyPrework";
			};
			name = Debug;
		};
		9F2A75E12E5BC22D00C7EFAE /* Release */ = {
			isa = XCBuildConfiguration;
			buildSettings = {
				BUNDLE_LOADER = "$(TEST_HOST)";
				CODE_SIGN_STYLE = Automatic;
				CURRENT_PROJECT_VERSION = 1;
				GENERATE_INFOPLIST_FILE = YES;
				IPHONEOS_DEPLOYMENT_TARGET = 18.4;
				MARKETING_VERSION = 1.0;
				PRODUCT_BUNDLE_IDENTIFIER = com.campoverde.MyPrework.MyPreworkTests;
				PRODUCT_NAME = "$(TARGET_NAME)";
				SWIFT_EMIT_LOC_STRINGS = NO;
				SWIFT_VERSION = 5.0;
				TARGETED_DEVICE_FAMILY = "1,2";
				TEST_HOST = "$(BUILT_PRODUCTS_DIR)/MyPrework.app/$(BUNDLE_EXECUTABLE_FOLDER_PATH)/MyPrework";
			};
			name = Release;
		};
		9F2A75E32E5BC22D00C7EFAE /* Debug */ = {
			isa = XCBuildConfiguration;
			buildSettings = {
				CODE_SIGN_STYLE = Automatic;
				CURRENT_PROJECT_VERSION = 1;
				GENERATE_INFOPLIST_FILE = YES;
				MARKETING_VERSION = 1.0;
				PRODUCT_BUNDLE_IDENTIFIER = com.campoverde.MyPrework.MyPreworkUITests;
				PRODUCT_NAME = "$(TARGET_NAME)";
				SWIFT_EMIT_LOC_STRINGS = NO;
				SWIFT_VERSION = 5.0;
				TARGETED_DEVICE_FAMILY = "1,2";
				TEST_TARGET_NAME = MyPrework;
			};
			name = Debug;
		};
		9F2A75E42E5BC22D00C7EFAE /* Release */ = {
			isa = XCBuildConfiguration;
			buildSettings = {
				CODE_SIGN_STYLE = Automatic;
				CURRENT_PROJECT_VERSION = 1;
				GENERATE_INFOPLIST_FILE = YES;
				MARKETING_VERSION = 1.0;
				PRODUCT_BUNDLE_IDENTIFIER = com.campoverde.MyPrework.MyPreworkUITests;
				PRODUCT_NAME = "$(TARGET_NAME)";
				SWIFT_EMIT_LOC_STRINGS = NO;
				SWIFT_VERSION = 5.0;
				TARGETED_DEVICE_FAMILY = "1,2";
				TEST_TARGET_NAME = MyPrework;
			};
			name = Release;
		};
/* End XCBuildConfiguration section */

/* Begin XCConfigurationList section */
		9F2A75AC2E5BC22C00C7EFAE /* Build configuration list for PBXProject "MyPrework" */ = {
			isa = XCConfigurationList;
			buildConfigurations = (
				9F2A75DD2E5BC22D00C7EFAE /* Debug */,
				9F2A75DE2E5BC22D00C7EFAE /* Release */,
			);
			defaultConfigurationIsVisible = 0;
			defaultConfigurationName = Release;
		};
		9F2A75DA2E5BC22D00C7EFAE /* Build configuration list for PBXNativeTarget "MyPrework" */ = {
			isa = XCConfigurationList;
			buildConfigurations = (
				9F2A75DB2E5BC22D00C7EFAE /* Debug */,
				9F2A75DC2E5BC22D00C7EFAE /* Release */,
			);
			defaultConfigurationIsVisible = 0;
			defaultConfigurationName = Release;
		};
		9F2A75DF2E5BC22D00C7EFAE /* Build configuration list for PBXNativeTarget "MyPreworkTests" */ = {
			isa = XCConfigurationList;
			buildConfigurations = (
				9F2A75E02E5BC22D00C7EFAE /* Debug */,
				9F2A75E12E5BC22D00C7EFAE /* Release */,
			);
			defaultConfigurationIsVisible = 0;
			defaultConfigurationName = Release;
		};
		9F2A75E22E5BC22D00C7EFAE /* Build configuration list for PBXNativeTarget "MyPreworkUITests" */ = {
			isa = XCConfigurationList;
			buildConfigurations = (
				9F2A75E32E5BC22D00C7EFAE /* Debug */,
				9F2A75E42E5BC22D00C7EFAE /* Release */,
			);
			defaultConfigurationIsVisible = 0;
			defaultConfigurationName = Release;
		};
/* End XCConfigurationList section */
	};
	rootObject = 9F2A75A92E5BC22C00C7EFAE /* Project object */;
}
